
Microsoft Visual Studio Solution File, Format Version 12.00
# Visual Studio Version 17
VisualStudioVersion = 17.4.33205.214
MinimumVisualStudioVersion = 10.0.40219.1
Project("{FAE04EC0-301F-11D3-BF4B-00C04F79EFBC}") = "QGameAssignment_3", "QGameAssignment_3.csproj", "{486D01E9-C233-429A-8B28-7E9CFFE26D62}"
EndProject
Global
	GlobalSection(SolutionConfigurationPlatforms) = preSolution
		Debug|Any CPU = Debug|Any CPU
		Release|Any CPU = Release|Any CPU
	EndGlobalSection
	GlobalSection(ProjectConfigurationPlatforms) = postSolution
		{486D01E9-C233-429A-8B28-7E9CFFE26D62}.Debug|Any CPU.ActiveCfg = Debug|Any CPU
		{486D01E9-C233-429A-8B28-7E9CFFE26D62}.Debug|Any CPU.Build.0 = Debug|Any CPU
		{486D01E9-C233-429A-8B28-7E9CFFE26D62}.Release|Any CPU.ActiveCfg = Release|Any CPU
		{486D01E9-C233-429A-8B28-7E9CFFE26D62}.Release|Any CPU.Build.0 = Release|Any CPU
	EndGlobalSection
	GlobalSection(SolutionProperties) = preSolution
		HideSolutionNode = FALSE
	EndGlobalSection
	GlobalSection(ExtensibilityGlobals) = postSolution
		SolutionGuid = {5104AAF9-4436-4CD3-B2D2-C948C92ED803}
	EndGlobalSection
EndGlobal
